
Microsoft Visual Studio Solution File, Format Version 12.00
# Visual Studio Version 17
VisualStudioVersion = 17.5.33627.172
MinimumVisualStudioVersion = 10.0.40219.1
Project("{FAE04EC0-301F-11D3-BF4B-00C04F79EFBC}") = "ProgramacaoAplicada", "ProgramacaoAplicada\ProgramacaoAplicada.csproj", "{AF161E33-DB8C-4A2E-8FE3-E345C2FE2895}"
EndProject
Global
	GlobalSection(SolutionConfigurationPlatforms) = preSolution
		Debug|Any CPU = Debug|Any CPU
		Release|Any CPU = Release|Any CPU
	EndGlobalSection
	GlobalSection(ProjectConfigurationPlatforms) = postSolution
		{AF161E33-DB8C-4A2E-8FE3-E345C2FE2895}.Debug|Any CPU.ActiveCfg = Debug|Any CPU
		{AF161E33-DB8C-4A2E-8FE3-E345C2FE2895}.Debug|Any CPU.Build.0 = Debug|Any CPU
		{AF161E33-DB8C-4A2E-8FE3-E345C2FE2895}.Release|Any CPU.ActiveCfg = Release|Any CPU
		{AF161E33-DB8C-4A2E-8FE3-E345C2FE2895}.Release|Any CPU.Build.0 = Release|Any CPU
	EndGlobalSection
	GlobalSection(SolutionProperties) = preSolution
		HideSolutionNode = FALSE
	EndGlobalSection
	GlobalSection(ExtensibilityGlobals) = postSolution
		SolutionGuid = {9352CF91-CFF2-43B4-9AAA-EAC1D03B1BCA}
	EndGlobalSection
EndGlobal
